
Microsoft Visual Studio Solution File, Format Version 12.00
# Visual Studio Version 17
VisualStudioVersion = 17.4.33205.214
MinimumVisualStudioVersion = 10.0.40219.1
Project("{FAE04EC0-301F-11D3-BF4B-00C04F79EFBC}") = "NUMBER ANALYZER - Decision Maker", "NUMBER ANALYZER - Decision Maker\NUMBER ANALYZER - Decision Maker.csproj", "{B09BB39A-9ECF-46A0-85F2-D24AE61DEE47}"
EndProject
Global
	GlobalSection(SolutionConfigurationPlatforms) = preSolution
		Debug|Any CPU = Debug|Any CPU
		Release|Any CPU = Release|Any CPU
	EndGlobalSection
	GlobalSection(ProjectConfigurationPlatforms) = postSolution
		{B09BB39A-9ECF-46A0-85F2-D24AE61DEE47}.Debug|Any CPU.ActiveCfg = Debug|Any CPU
		{B09BB39A-9ECF-46A0-85F2-D24AE61DEE47}.Debug|Any CPU.Build.0 = Debug|Any CPU
		{B09BB39A-9ECF-46A0-85F2-D24AE61DEE47}.Release|Any CPU.ActiveCfg = Release|Any CPU
		{B09BB39A-9ECF-46A0-85F2-D24AE61DEE47}.Release|Any CPU.Build.0 = Release|Any CPU
	EndGlobalSection
	GlobalSection(SolutionProperties) = preSolution
		HideSolutionNode = FALSE
	EndGlobalSection
	GlobalSection(ExtensibilityGlobals) = postSolution
		SolutionGuid = {669CBD60-62D3-4403-A880-BAECD051E581}
	EndGlobalSection
EndGlobal
